
Microsoft Visual Studio Solution File, Format Version 12.00
# Visual Studio Version 17
VisualStudioVersion = 17.11.35327.3
MinimumVisualStudioVersion = 10.0.40219.1
Project("{9A19103F-16F7-4668-BE54-9A1E7A4F7556}") = "APIRESTCRUDDAPPER", "APIRESTCRUDDAPPER\APIRESTCRUDDAPPER.csproj", "{09F9FFAB-A4C8-4CDB-B94D-448C6EE46D7E}"
	ProjectSection(ProjectDependencies) = postProject
		{5E365240-1D18-4400-B5B5-FA90AEE2AC4C} = {5E365240-1D18-4400-B5B5-FA90AEE2AC4C}
	EndProjectSection
EndProject
Project("{2150E333-8FDC-42A3-9474-1A3956D46DE8}") = "Tests", "Tests", "{F5182205-D832-452A-9F13-D4B268D67DED}"
EndProject
Project("{9A19103F-16F7-4668-BE54-9A1E7A4F7556}") = "APIRESTCRUDDAPPER.Test", "APIRESTCRUDDAPPER.Test\APIRESTCRUDDAPPER.Test.csproj", "{11AF2CE8-6725-412B-A499-EB5C08F95DD0}"
EndProject
Project("{2150E333-8FDC-42A3-9474-1A3956D46DE8}") = "Application", "Application", "{C654DA93-6973-495E-8C8F-1B8C24496BDD}"
EndProject
Project("{9A19103F-16F7-4668-BE54-9A1E7A4F7556}") = "APIRESTCRUDDAPPER.Application", "APIRESTCRUDDAPPER.Application\APIRESTCRUDDAPPER.Application.csproj", "{E2C68962-AF1D-4356-ABE9-61051E3657D8}"
	ProjectSection(ProjectDependencies) = postProject
		{E812441E-67C4-40E3-90E9-662473D06D44} = {E812441E-67C4-40E3-90E9-662473D06D44}
	EndProjectSection
EndProject
Project("{2150E333-8FDC-42A3-9474-1A3956D46DE8}") = "Domain", "Domain", "{944A0C07-F527-4AC3-B7D3-B1E90AB1A974}"
EndProject
Project("{9A19103F-16F7-4668-BE54-9A1E7A4F7556}") = "APIRESTCRUDDAPPER.Domain", "APIRESTCRUDDAPPER.Domain\APIRESTCRUDDAPPER.Domain.csproj", "{E812441E-67C4-40E3-90E9-662473D06D44}"
EndProject
Project("{9A19103F-16F7-4668-BE54-9A1E7A4F7556}") = "APIRESTCRUDDAPPER.Domain.Core", "APIRESTCRUDDAPPER.Domain.Core\APIRESTCRUDDAPPER.Domain.Core.csproj", "{D487DE8C-BB6B-4139-80BE-529EAF018F79}"
EndProject
Project("{9A19103F-16F7-4668-BE54-9A1E7A4F7556}") = "APIRESTCRUDDAPPER.Domain.Services", "APIRESTCRUDDAPPER.Domain.Services\APIRESTCRUDDAPPER.Domain.Services.csproj", "{6094135B-60C0-411D-88CF-D23777EBEF70}"
	ProjectSection(ProjectDependencies) = postProject
		{D487DE8C-BB6B-4139-80BE-529EAF018F79} = {D487DE8C-BB6B-4139-80BE-529EAF018F79}
	EndProjectSection
EndProject
Project("{2150E333-8FDC-42A3-9474-1A3956D46DE8}") = "Infrastructure", "Infrastructure", "{EAEEE6E7-DCEB-44AF-B6FA-CD2586509DD3}"
EndProject
Project("{FAE04EC0-301F-11D3-BF4B-00C04F79EFBC}") = "APIRESTCRUDDAPPER.Infrastructure", "APIRESTCRUDDAPPER.Infrastructure\APIRESTCRUDDAPPER.Infrastructure.csproj", "{5E365240-1D18-4400-B5B5-FA90AEE2AC4C}"
EndProject
Global
	GlobalSection(SolutionConfigurationPlatforms) = preSolution
		Debug|Any CPU = Debug|Any CPU
		Release|Any CPU = Release|Any CPU
	EndGlobalSection
	GlobalSection(ProjectConfigurationPlatforms) = postSolution
		{09F9FFAB-A4C8-4CDB-B94D-448C6EE46D7E}.Debug|Any CPU.ActiveCfg = Debug|Any CPU
		{09F9FFAB-A4C8-4CDB-B94D-448C6EE46D7E}.Debug|Any CPU.Build.0 = Debug|Any CPU
		{09F9FFAB-A4C8-4CDB-B94D-448C6EE46D7E}.Release|Any CPU.ActiveCfg = Release|Any CPU
		{09F9FFAB-A4C8-4CDB-B94D-448C6EE46D7E}.Release|Any CPU.Build.0 = Release|Any CPU
		{11AF2CE8-6725-412B-A499-EB5C08F95DD0}.Debug|Any CPU.ActiveCfg = Debug|Any CPU
		{11AF2CE8-6725-412B-A499-EB5C08F95DD0}.Debug|Any CPU.Build.0 = Debug|Any CPU
		{11AF2CE8-6725-412B-A499-EB5C08F95DD0}.Release|Any CPU.ActiveCfg = Release|Any CPU
		{11AF2CE8-6725-412B-A499-EB5C08F95DD0}.Release|Any CPU.Build.0 = Release|Any CPU
		{E2C68962-AF1D-4356-ABE9-61051E3657D8}.Debug|Any CPU.ActiveCfg = Debug|Any CPU
		{E2C68962-AF1D-4356-ABE9-61051E3657D8}.Debug|Any CPU.Build.0 = Debug|Any CPU
		{E2C68962-AF1D-4356-ABE9-61051E3657D8}.Release|Any CPU.ActiveCfg = Release|Any CPU
		{E2C68962-AF1D-4356-ABE9-61051E3657D8}.Release|Any CPU.Build.0 = Release|Any CPU
		{E812441E-67C4-40E3-90E9-662473D06D44}.Debug|Any CPU.ActiveCfg = Debug|Any CPU
		{E812441E-67C4-40E3-90E9-662473D06D44}.Debug|Any CPU.Build.0 = Debug|Any CPU
		{E812441E-67C4-40E3-90E9-662473D06D44}.Release|Any CPU.ActiveCfg = Release|Any CPU
		{E812441E-67C4-40E3-90E9-662473D06D44}.Release|Any CPU.Build.0 = Release|Any CPU
		{D487DE8C-BB6B-4139-80BE-529EAF018F79}.Debug|Any CPU.ActiveCfg = Debug|Any CPU
		{D487DE8C-BB6B-4139-80BE-529EAF018F79}.Debug|Any CPU.Build.0 = Debug|Any CPU
		{D487DE8C-BB6B-4139-80BE-529EAF018F79}.Release|Any CPU.ActiveCfg = Release|Any CPU
		{D487DE8C-BB6B-4139-80BE-529EAF018F79}.Release|Any CPU.Build.0 = Release|Any CPU
		{6094135B-60C0-411D-88CF-D23777EBEF70}.Debug|Any CPU.ActiveCfg = Debug|Any CPU
		{6094135B-60C0-411D-88CF-D23777EBEF70}.Debug|Any CPU.Build.0 = Debug|Any CPU
		{6094135B-60C0-411D-88CF-D23777EBEF70}.Release|Any CPU.ActiveCfg = Release|Any CPU
		{6094135B-60C0-411D-88CF-D23777EBEF70}.Release|Any CPU.Build.0 = Release|Any CPU
		{5E365240-1D18-4400-B5B5-FA90AEE2AC4C}.Debug|Any CPU.ActiveCfg = Debug|Any CPU
		{5E365240-1D18-4400-B5B5-FA90AEE2AC4C}.Debug|Any CPU.Build.0 = Debug|Any CPU
		{5E365240-1D18-4400-B5B5-FA90AEE2AC4C}.Release|Any CPU.ActiveCfg = Release|Any CPU
		{5E365240-1D18-4400-B5B5-FA90AEE2AC4C}.Release|Any CPU.Build.0 = Release|Any CPU
	EndGlobalSection
	GlobalSection(SolutionProperties) = preSolution
		HideSolutionNode = FALSE
	EndGlobalSection
	GlobalSection(NestedProjects) = preSolution
		{11AF2CE8-6725-412B-A499-EB5C08F95DD0} = {F5182205-D832-452A-9F13-D4B268D67DED}
		{E2C68962-AF1D-4356-ABE9-61051E3657D8} = {C654DA93-6973-495E-8C8F-1B8C24496BDD}
		{E812441E-67C4-40E3-90E9-662473D06D44} = {944A0C07-F527-4AC3-B7D3-B1E90AB1A974}
		{D487DE8C-BB6B-4139-80BE-529EAF018F79} = {944A0C07-F527-4AC3-B7D3-B1E90AB1A974}
		{6094135B-60C0-411D-88CF-D23777EBEF70} = {944A0C07-F527-4AC3-B7D3-B1E90AB1A974}
		{5E365240-1D18-4400-B5B5-FA90AEE2AC4C} = {EAEEE6E7-DCEB-44AF-B6FA-CD2586509DD3}
	EndGlobalSection
	GlobalSection(ExtensibilityGlobals) = postSolution
		SolutionGuid = {79106D75-2208-404F-9654-E55B757DA96A}
	EndGlobalSection
EndGlobal
